
Microsoft Visual Studio Solution File, Format Version 12.00
# Visual Studio 15
VisualStudioVersion = 15.0.26228.10
MinimumVisualStudioVersion = 10.0.40219.1
Project("{FAE04EC0-301F-11D3-BF4B-00C04F79EFBC}") = "AutoMapper.NodaTime", "AutoMapper.NodaTime\AutoMapper.NodaTime.csproj", "{49C9C765-57C6-4E34-83A7-14928A5BC964}"
EndProject
Project("{FAE04EC0-301F-11D3-BF4B-00C04F79EFBC}") = "AutoMapper.NodaTime (Net40)", "AutoMapper.NodaTime-Net40\AutoMapper.NodaTime (Net40).csproj", "{20EEA7A4-D947-4367-9873-A2CBE474E776}"
EndProject
Project("{FAE04EC0-301F-11D3-BF4B-00C04F79EFBC}") = "AutoMapper.NodaTime.UnitTests", "AutoMapper.NodaTime.UnitTests\AutoMapper.NodaTime.UnitTests.csproj", "{1AA7C64D-C602-49B3-8359-9DF251A8DBBA}"
EndProject
Project("{FAE04EC0-301F-11D3-BF4B-00C04F79EFBC}") = "AutoMapper.NodaTime (Net46)", "AutoMapper.NodaTime-Net46\AutoMapper.NodaTime (Net46).csproj", "{FB772C38-2E94-4633-ACC7-6A1B34FE39DE}"
EndProject
Project("{FAE04EC0-301F-11D3-BF4B-00C04F79EFBC}") = "AutoMapper.NodaTime-NET46.UnitTests", "AutoMapper.NodaTime-NET46.UnitTests\AutoMapper.NodaTime-NET46.UnitTests.csproj", "{C55CADC8-7CA4-4CB6-AAA8-56DE7A4EF37B}"
EndProject
Global
	GlobalSection(SolutionConfigurationPlatforms) = preSolution
		Debug|Any CPU = Debug|Any CPU
		Release|Any CPU = Release|Any CPU
	EndGlobalSection
	GlobalSection(ProjectConfigurationPlatforms) = postSolution
		{49C9C765-57C6-4E34-83A7-14928A5BC964}.Debug|Any CPU.ActiveCfg = Debug|Any CPU
		{49C9C765-57C6-4E34-83A7-14928A5BC964}.Debug|Any CPU.Build.0 = Debug|Any CPU
		{49C9C765-57C6-4E34-83A7-14928A5BC964}.Release|Any CPU.ActiveCfg = Release|Any CPU
		{49C9C765-57C6-4E34-83A7-14928A5BC964}.Release|Any CPU.Build.0 = Release|Any CPU
		{20EEA7A4-D947-4367-9873-A2CBE474E776}.Debug|Any CPU.ActiveCfg = Debug|Any CPU
		{20EEA7A4-D947-4367-9873-A2CBE474E776}.Debug|Any CPU.Build.0 = Debug|Any CPU
		{20EEA7A4-D947-4367-9873-A2CBE474E776}.Release|Any CPU.ActiveCfg = Release|Any CPU
		{20EEA7A4-D947-4367-9873-A2CBE474E776}.Release|Any CPU.Build.0 = Release|Any CPU
		{1AA7C64D-C602-49B3-8359-9DF251A8DBBA}.Debug|Any CPU.ActiveCfg = Debug|Any CPU
		{1AA7C64D-C602-49B3-8359-9DF251A8DBBA}.Debug|Any CPU.Build.0 = Debug|Any CPU
		{1AA7C64D-C602-49B3-8359-9DF251A8DBBA}.Release|Any CPU.ActiveCfg = Release|Any CPU
		{1AA7C64D-C602-49B3-8359-9DF251A8DBBA}.Release|Any CPU.Build.0 = Release|Any CPU
		{FB772C38-2E94-4633-ACC7-6A1B34FE39DE}.Debug|Any CPU.ActiveCfg = Debug|Any CPU
		{FB772C38-2E94-4633-ACC7-6A1B34FE39DE}.Debug|Any CPU.Build.0 = Debug|Any CPU
		{FB772C38-2E94-4633-ACC7-6A1B34FE39DE}.Release|Any CPU.ActiveCfg = Release|Any CPU
		{FB772C38-2E94-4633-ACC7-6A1B34FE39DE}.Release|Any CPU.Build.0 = Release|Any CPU
		{C55CADC8-7CA4-4CB6-AAA8-56DE7A4EF37B}.Debug|Any CPU.ActiveCfg = Debug|Any CPU
		{C55CADC8-7CA4-4CB6-AAA8-56DE7A4EF37B}.Debug|Any CPU.Build.0 = Debug|Any CPU
		{C55CADC8-7CA4-4CB6-AAA8-56DE7A4EF37B}.Release|Any CPU.ActiveCfg = Release|Any CPU
		{C55CADC8-7CA4-4CB6-AAA8-56DE7A4EF37B}.Release|Any CPU.Build.0 = Release|Any CPU
	EndGlobalSection
	GlobalSection(SolutionProperties) = preSolution
		HideSolutionNode = FALSE
	EndGlobalSection
EndGlobal
